// !$*UTF8*$!
{
	archiveVersion = 1;
	classes = {
	};
	objectVersion = 56;
	objects = {

/* Begin PBXBuildFile section */
		5C124FFE2C02BEB8008075D1 /* Dessert.swift in Sources */ = {isa = PBXBuildFile; fileRef = 5C124FFD2C02BEB8008075D1 /* Dessert.swift */; };
		5C1250002C02BF7B008075D1 /* MealViewModel.swift in Sources */ = {isa = PBXBuildFile; fileRef = 5C124FFF2C02BF7B008075D1 /* MealViewModel.swift */; };
		5C8124E72C0400860029B51F /* Kingfisher in Frameworks */ = {isa = PBXBuildFile; productRef = 5C8124E62C0400860029B51F /* Kingfisher */; };
		5C8124EF2C040E220029B51F /* DessertTextModifier.swift in Sources */ = {isa = PBXBuildFile; fileRef = 5C8124EE2C040E220029B51F /* DessertTextModifier.swift */; };
		5C8124F12C040F270029B51F /* DessertTextView.swift in Sources */ = {isa = PBXBuildFile; fileRef = 5C8124F02C040F260029B51F /* DessertTextView.swift */; };
		5C8BF3602C041C530081E3F0 /* ContainerView.swift in Sources */ = {isa = PBXBuildFile; fileRef = 5C8BF35F2C041C530081E3F0 /* ContainerView.swift */; };
		5C8BF3632C041CCC0081E3F0 /* SplashScreenView.swift in Sources */ = {isa = PBXBuildFile; fileRef = 5C8BF3622C041CCC0081E3F0 /* SplashScreenView.swift */; };
		5CD960042C01E26B0023B8E6 /* Fetch_Coding_ChallengeApp.swift in Sources */ = {isa = PBXBuildFile; fileRef = 5CD960032C01E26B0023B8E6 /* Fetch_Coding_ChallengeApp.swift */; };
		5CD960062C01E26B0023B8E6 /* DessertListView.swift in Sources */ = {isa = PBXBuildFile; fileRef = 5CD960052C01E26B0023B8E6 /* DessertListView.swift */; };
		5CD960082C01E26C0023B8E6 /* Assets.xcassets in Resources */ = {isa = PBXBuildFile; fileRef = 5CD960072C01E26C0023B8E6 /* Assets.xcassets */; };
		5CD9600B2C01E26C0023B8E6 /* Preview Assets.xcassets in Resources */ = {isa = PBXBuildFile; fileRef = 5CD9600A2C01E26C0023B8E6 /* Preview Assets.xcassets */; };
/* End PBXBuildFile section */

/* Begin PBXFileReference section */
		5C124FFD2C02BEB8008075D1 /* Dessert.swift */ = {isa = PBXFileReference; lastKnownFileType = sourcecode.swift; path = Dessert.swift; sourceTree = "<group>"; };
		5C124FFF2C02BF7B008075D1 /* MealViewModel.swift */ = {isa = PBXFileReference; lastKnownFileType = sourcecode.swift; path = MealViewModel.swift; sourceTree = "<group>"; };
		5C8124EE2C040E220029B51F /* DessertTextModifier.swift */ = {isa = PBXFileReference; lastKnownFileType = sourcecode.swift; path = DessertTextModifier.swift; sourceTree = "<group>"; };
		5C8124F02C040F260029B51F /* DessertTextView.swift */ = {isa = PBXFileReference; lastKnownFileType = sourcecode.swift; path = DessertTextView.swift; sourceTree = "<group>"; };
		5C8BF35F2C041C530081E3F0 /* ContainerView.swift */ = {isa = PBXFileReference; lastKnownFileType = sourcecode.swift; path = ContainerView.swift; sourceTree = "<group>"; };
		5C8BF3622C041CCC0081E3F0 /* SplashScreenView.swift */ = {isa = PBXFileReference; lastKnownFileType = sourcecode.swift; path = SplashScreenView.swift; sourceTree = "<group>"; };
		5CD960002C01E26B0023B8E6 /* Fetch-Coding-Challenge.app */ = {isa = PBXFileReference; explicitFileType = wrapper.application; includeInIndex = 0; path = "Fetch-Coding-Challenge.app"; sourceTree = BUILT_PRODUCTS_DIR; };
		5CD960032C01E26B0023B8E6 /* Fetch_Coding_ChallengeApp.swift */ = {isa = PBXFileReference; lastKnownFileType = sourcecode.swift; path = Fetch_Coding_ChallengeApp.swift; sourceTree = "<group>"; };
		5CD960052C01E26B0023B8E6 /* DessertListView.swift */ = {isa = PBXFileReference; lastKnownFileType = sourcecode.swift; path = DessertListView.swift; sourceTree = "<group>"; };
		5CD960072C01E26C0023B8E6 /* Assets.xcassets */ = {isa = PBXFileReference; lastKnownFileType = folder.assetcatalog; path = Assets.xcassets; sourceTree = "<group>"; };
		5CD9600A2C01E26C0023B8E6 /* Preview Assets.xcassets */ = {isa = PBXFileReference; lastKnownFileType = folder.assetcatalog; path = "Preview Assets.xcassets"; sourceTree = "<group>"; };
/* End PBXFileReference section */

/* Begin PBXFrameworksBuildPhase section */
		5CD95FFD2C01E26B0023B8E6 /* Frameworks */ = {
			isa = PBXFrameworksBuildPhase;
			buildActionMask = 2147483647;
			files = (
				5C8124E72C0400860029B51F /* Kingfisher in Frameworks */,
			);
			runOnlyForDeploymentPostprocessing = 0;
		};
/* End PBXFrameworksBuildPhase section */

/* Begin PBXGroup section */
		5C124FFA2C02AC86008075D1 /* Views */ = {
			isa = PBXGroup;
			children = (
				5C8BF3612C041CB00081E3F0 /* LaunchScreenView */,
				5C8124F22C040FD10029B51F /* DessertListView */,
			);
			path = Views;
			sourceTree = "<group>";
		};
		5C124FFB2C02AC8C008075D1 /* ViewModels */ = {
			isa = PBXGroup;
			children = (
				5C124FFF2C02BF7B008075D1 /* MealViewModel.swift */,
			);
			path = ViewModels;
			sourceTree = "<group>";
		};
		5C124FFC2C02AC91008075D1 /* Models */ = {
			isa = PBXGroup;
			children = (
				5C124FFD2C02BEB8008075D1 /* Dessert.swift */,
			);
			path = Models;
			sourceTree = "<group>";
		};
		5C8124ED2C040DFF0029B51F /* DessertList-ViewModifiers */ = {
			isa = PBXGroup;
			children = (
				5C8124EE2C040E220029B51F /* DessertTextModifier.swift */,
			);
			path = "DessertList-ViewModifiers";
			sourceTree = "<group>";
		};
		5C8124F22C040FD10029B51F /* DessertListView */ = {
			isa = PBXGroup;
			children = (
				5CD960052C01E26B0023B8E6 /* DessertListView.swift */,
				5C8124F02C040F260029B51F /* DessertTextView.swift */,
				5C8124ED2C040DFF0029B51F /* DessertList-ViewModifiers */,
			);
			path = DessertListView;
			sourceTree = "<group>";
		};
		5C8BF3612C041CB00081E3F0 /* LaunchScreenView */ = {
			isa = PBXGroup;
			children = (
				5C8BF35F2C041C530081E3F0 /* ContainerView.swift */,
				5C8BF3622C041CCC0081E3F0 /* SplashScreenView.swift */,
			);
			path = LaunchScreenView;
			sourceTree = "<group>";
		};
		5CD95FF72C01E26B0023B8E6 = {
			isa = PBXGroup;
			children = (
				5CD960022C01E26B0023B8E6 /* Fetch-Coding-Challenge */,
				5CD960012C01E26B0023B8E6 /* Products */,
			);
			sourceTree = "<group>";
		};
		5CD960012C01E26B0023B8E6 /* Products */ = {
			isa = PBXGroup;
			children = (
				5CD960002C01E26B0023B8E6 /* Fetch-Coding-Challenge.app */,
			);
			name = Products;
			sourceTree = "<group>";
		};
		5CD960022C01E26B0023B8E6 /* Fetch-Coding-Challenge */ = {
			isa = PBXGroup;
			children = (
				5C124FFC2C02AC91008075D1 /* Models */,
				5C124FFB2C02AC8C008075D1 /* ViewModels */,
				5C124FFA2C02AC86008075D1 /* Views */,
				5CD960032C01E26B0023B8E6 /* Fetch_Coding_ChallengeApp.swift */,
				5CD960072C01E26C0023B8E6 /* Assets.xcassets */,
				5CD960092C01E26C0023B8E6 /* Preview Content */,
			);
			path = "Fetch-Coding-Challenge";
			sourceTree = "<group>";
		};
		5CD960092C01E26C0023B8E6 /* Preview Content */ = {
			isa = PBXGroup;
			children = (
				5CD9600A2C01E26C0023B8E6 /* Preview Assets.xcassets */,
			);
			path = "Preview Content";
			sourceTree = "<group>";
		};
/* End PBXGroup section */

/* Begin PBXNativeTarget section */
		5CD95FFF2C01E26B0023B8E6 /* Fetch-Coding-Challenge */ = {
			isa = PBXNativeTarget;
			buildConfigurationList = 5CD9600E2C01E26C0023B8E6 /* Build configuration list for PBXNativeTarget "Fetch-Coding-Challenge" */;
			buildPhases = (
				5CD95FFC2C01E26B0023B8E6 /* Sources */,
				5CD95FFD2C01E26B0023B8E6 /* Frameworks */,
				5CD95FFE2C01E26B0023B8E6 /* Resources */,
			);
			buildRules = (
			);
			dependencies = (
			);
			name = "Fetch-Coding-Challenge";
			packageProductDependencies = (
				5C8124E62C0400860029B51F /* Kingfisher */,
			);
			productName = "Fetch-Coding-Challenge";
			productReference = 5CD960002C01E26B0023B8E6 /* Fetch-Coding-Challenge.app */;
			productType = "com.apple.product-type.application";
		};
/* End PBXNativeTarget section */

/* Begin PBXProject section */
		5CD95FF82C01E26B0023B8E6 /* Project object */ = {
			isa = PBXProject;
			attributes = {
				BuildIndependentTargetsInParallel = 1;
				LastSwiftUpdateCheck = 1530;
				LastUpgradeCheck = 1530;
				TargetAttributes = {
					5CD95FFF2C01E26B0023B8E6 = {
						CreatedOnToolsVersion = 15.3;
					};
				};
			};
			buildConfigurationList = 5CD95FFB2C01E26B0023B8E6 /* Build configuration list for PBXProject "Fetch-Coding-Challenge" */;
			compatibilityVersion = "Xcode 14.0";
			developmentRegion = en;
			hasScannedForEncodings = 0;
			knownRegions = (
				en,
				Base,
			);
			mainGroup = 5CD95FF72C01E26B0023B8E6;
			packageReferences = (
				5C8124E52C0400860029B51F /* XCRemoteSwiftPackageReference "Kingfisher" */,
			);
			productRefGroup = 5CD960012C01E26B0023B8E6 /* Products */;
			projectDirPath = "";
			projectRoot = "";
			targets = (
				5CD95FFF2C01E26B0023B8E6 /* Fetch-Coding-Challenge */,
			);
		};
/* End PBXProject section */

/* Begin PBXResourcesBuildPhase section */
		5CD95FFE2C01E26B0023B8E6 /* Resources */ = {
			isa = PBXResourcesBuildPhase;
			buildActionMask = 2147483647;
			files = (
				5CD9600B2C01E26C0023B8E6 /* Preview Assets.xcassets in Resources */,
				5CD960082C01E26C0023B8E6 /* Assets.xcassets in Resources */,
			);
			runOnlyForDeploymentPostprocessing = 0;
		};
/* End PBXResourcesBuildPhase section */

/* Begin PBXSourcesBuildPhase section */
		5CD95FFC2C01E26B0023B8E6 /* Sources */ = {
			isa = PBXSourcesBuildPhase;
			buildActionMask = 2147483647;
			files = (
				5C8124F12C040F270029B51F /* DessertTextView.swift in Sources */,
				5C1250002C02BF7B008075D1 /* MealViewModel.swift in Sources */,
				5C8BF3602C041C530081E3F0 /* ContainerView.swift in Sources */,
				5CD960062C01E26B0023B8E6 /* DessertListView.swift in Sources */,
				5C124FFE2C02BEB8008075D1 /* Dessert.swift in Sources */,
				5CD960042C01E26B0023B8E6 /* Fetch_Coding_ChallengeApp.swift in Sources */,
				5C8124EF2C040E220029B51F /* DessertTextModifier.swift in Sources */,
				5C8BF3632C041CCC0081E3F0 /* SplashScreenView.swift in Sources */,
			);
			runOnlyForDeploymentPostprocessing = 0;
		};
/* End PBXSourcesBuildPhase section */

/* Begin XCBuildConfiguration section */
		5CD9600C2C01E26C0023B8E6 /* Debug */ = {
			isa = XCBuildConfiguration;
			buildSettings = {
				ALWAYS_SEARCH_USER_PATHS = NO;
				ASSETCATALOG_COMPILER_GENERATE_SWIFT_ASSET_SYMBOL_EXTENSIONS = YES;
				CLANG_ANALYZER_NONNULL = YES;
				CLANG_ANALYZER_NUMBER_OBJECT_CONVERSION = YES_AGGRESSIVE;
				CLANG_CXX_LANGUAGE_STANDARD = "gnu++20";
				CLANG_ENABLE_MODULES = YES;
				CLANG_ENABLE_OBJC_ARC = YES;
				CLANG_ENABLE_OBJC_WEAK = YES;
				CLANG_WARN_BLOCK_CAPTURE_AUTORELEASING = YES;
				CLANG_WARN_BOOL_CONVERSION = YES;
				CLANG_WARN_COMMA = YES;
				CLANG_WARN_CONSTANT_CONVERSION = YES;
				CLANG_WARN_DEPRECATED_OBJC_IMPLEMENTATIONS = YES;
				CLANG_WARN_DIRECT_OBJC_ISA_USAGE = YES_ERROR;
				CLANG_WARN_DOCUMENTATION_COMMENTS = YES;
				CLANG_WARN_EMPTY_BODY = YES;
				CLANG_WARN_ENUM_CONVERSION = YES;
				CLANG_WARN_INFINITE_RECURSION = YES;
				CLANG_WARN_INT_CONVERSION = YES;
				CLANG_WARN_NON_LITERAL_NULL_CONVERSION = YES;
				CLANG_WARN_OBJC_IMPLICIT_RETAIN_SELF = YES;
				CLANG_WARN_OBJC_LITERAL_CONVERSION = YES;
				CLANG_WARN_OBJC_ROOT_CLASS = YES_ERROR;
				CLANG_WARN_QUOTED_INCLUDE_IN_FRAMEWORK_HEADER = YES;
				CLANG_WARN_RANGE_LOOP_ANALYSIS = YES;
				CLANG_WARN_STRICT_PROTOTYPES = YES;
				CLANG_WARN_SUSPICIOUS_MOVE = YES;
				CLANG_WARN_UNGUARDED_AVAILABILITY = YES_AGGRESSIVE;
				CLANG_WARN_UNREACHABLE_CODE = YES;
				CLANG_WARN__DUPLICATE_METHOD_MATCH = YES;
				COPY_PHASE_STRIP = NO;
				DEBUG_INFORMATION_FORMAT = dwarf;
				ENABLE_STRICT_OBJC_MSGSEND = YES;
				ENABLE_TESTABILITY = YES;
				ENABLE_USER_SCRIPT_SANDBOXING = YES;
				GCC_C_LANGUAGE_STANDARD = gnu17;
				GCC_DYNAMIC_NO_PIC = NO;
				GCC_NO_COMMON_BLOCKS = YES;
				GCC_OPTIMIZATION_LEVEL = 0;
				GCC_PREPROCESSOR_DEFINITIONS = (
					"DEBUG=1",
					"$(inherited)",
				);
				GCC_WARN_64_TO_32_BIT_CONVERSION = YES;
				GCC_WARN_ABOUT_RETURN_TYPE = YES_ERROR;
				GCC_WARN_UNDECLARED_SELECTOR = YES;
				GCC_WARN_UNINITIALIZED_AUTOS = YES_AGGRESSIVE;
				GCC_WARN_UNUSED_FUNCTION = YES;
				GCC_WARN_UNUSED_VARIABLE = YES;
				IPHONEOS_DEPLOYMENT_TARGET = 17.4;
				LOCALIZATION_PREFERS_STRING_CATALOGS = YES;
				MTL_ENABLE_DEBUG_INFO = INCLUDE_SOURCE;
				MTL_FAST_MATH = YES;
				ONLY_ACTIVE_ARCH = YES;
				SDKROOT = iphoneos;
				SWIFT_ACTIVE_COMPILATION_CONDITIONS = "DEBUG $(inherited)";
				SWIFT_OPTIMIZATION_LEVEL = "-Onone";
			};
			name = Debug;
		};
		5CD9600D2C01E26C0023B8E6 /* Release */ = {
			isa = XCBuildConfiguration;
			buildSettings = {
				ALWAYS_SEARCH_USER_PATHS = NO;
				ASSETCATALOG_COMPILER_GENERATE_SWIFT_ASSET_SYMBOL_EXTENSIONS = YES;
				CLANG_ANALYZER_NONNULL = YES;
				CLANG_ANALYZER_NUMBER_OBJECT_CONVERSION = YES_AGGRESSIVE;
				CLANG_CXX_LANGUAGE_STANDARD = "gnu++20";
				CLANG_ENABLE_MODULES = YES;
				CLANG_ENABLE_OBJC_ARC = YES;
				CLANG_ENABLE_OBJC_WEAK = YES;
				CLANG_WARN_BLOCK_CAPTURE_AUTORELEASING = YES;
				CLANG_WARN_BOOL_CONVERSION = YES;
				CLANG_WARN_COMMA = YES;
				CLANG_WARN_CONSTANT_CONVERSION = YES;
				CLANG_WARN_DEPRECATED_OBJC_IMPLEMENTATIONS = YES;
				CLANG_WARN_DIRECT_OBJC_ISA_USAGE = YES_ERROR;
				CLANG_WARN_DOCUMENTATION_COMMENTS = YES;
				CLANG_WARN_EMPTY_BODY = YES;
				CLANG_WARN_ENUM_CONVERSION = YES;
				CLANG_WARN_INFINITE_RECURSION = YES;
				CLANG_WARN_INT_CONVERSION = YES;
				CLANG_WARN_NON_LITERAL_NULL_CONVERSION = YES;
				CLANG_WARN_OBJC_IMPLICIT_RETAIN_SELF = YES;
				CLANG_WARN_OBJC_LITERAL_CONVERSION = YES;
				CLANG_WARN_OBJC_ROOT_CLASS = YES_ERROR;
				CLANG_WARN_QUOTED_INCLUDE_IN_FRAMEWORK_HEADER = YES;
				CLANG_WARN_RANGE_LOOP_ANALYSIS = YES;
				CLANG_WARN_STRICT_PROTOTYPES = YES;
				CLANG_WARN_SUSPICIOUS_MOVE = YES;
				CLANG_WARN_UNGUARDED_AVAILABILITY = YES_AGGRESSIVE;
				CLANG_WARN_UNREACHABLE_CODE = YES;
				CLANG_WARN__DUPLICATE_METHOD_MATCH = YES;
				COPY_PHASE_STRIP = NO;
				DEBUG_INFORMATION_FORMAT = "dwarf-with-dsym";
				ENABLE_NS_ASSERTIONS = NO;
				ENABLE_STRICT_OBJC_MSGSEND = YES;
				ENABLE_USER_SCRIPT_SANDBOXING = YES;
				GCC_C_LANGUAGE_STANDARD = gnu17;
				GCC_NO_COMMON_BLOCKS = YES;
				GCC_WARN_64_TO_32_BIT_CONVERSION = YES;
				GCC_WARN_ABOUT_RETURN_TYPE = YES_ERROR;
				GCC_WARN_UNDECLARED_SELECTOR = YES;
				GCC_WARN_UNINITIALIZED_AUTOS = YES_AGGRESSIVE;
				GCC_WARN_UNUSED_FUNCTION = YES;
				GCC_WARN_UNUSED_VARIABLE = YES;
				IPHONEOS_DEPLOYMENT_TARGET = 17.4;
				LOCALIZATION_PREFERS_STRING_CATALOGS = YES;
				MTL_ENABLE_DEBUG_INFO = NO;
				MTL_FAST_MATH = YES;
				SDKROOT = iphoneos;
				SWIFT_COMPILATION_MODE = wholemodule;
				VALIDATE_PRODUCT = YES;
			};
			name = Release;
		};
		5CD9600F2C01E26C0023B8E6 /* Debug */ = {
			isa = XCBuildConfiguration;
			buildSettings = {
				ASSETCATALOG_COMPILER_APPICON_NAME = AppIcon;
				ASSETCATALOG_COMPILER_GLOBAL_ACCENT_COLOR_NAME = AccentColor;
				CODE_SIGN_STYLE = Automatic;
				CURRENT_PROJECT_VERSION = 1;
				DEVELOPMENT_ASSET_PATHS = "\"Fetch-Coding-Challenge/Preview Content\"";
				DEVELOPMENT_TEAM = 9NHVUWY5RP;
				ENABLE_PREVIEWS = YES;
				GENERATE_INFOPLIST_FILE = YES;
				INFOPLIST_KEY_UIApplicationSceneManifest_Generation = YES;
				INFOPLIST_KEY_UIApplicationSupportsIndirectInputEvents = YES;
				INFOPLIST_KEY_UILaunchScreen_Generation = YES;
				INFOPLIST_KEY_UISupportedInterfaceOrientations_iPad = "UIInterfaceOrientationPortrait UIInterfaceOrientationPortraitUpsideDown UIInterfaceOrientationLandscapeLeft UIInterfaceOrientationLandscapeRight";
				INFOPLIST_KEY_UISupportedInterfaceOrientations_iPhone = "UIInterfaceOrientationPortrait UIInterfaceOrientationLandscapeLeft UIInterfaceOrientationLandscapeRight";
				LD_RUNPATH_SEARCH_PATHS = (
					"$(inherited)",
					"@executable_path/Frameworks",
				);
				MARKETING_VERSION = 1.0;
				PRODUCT_BUNDLE_IDENTIFIER = "com.bozhong.Fetch-Coding-Challenge";
				PRODUCT_NAME = "$(TARGET_NAME)";
				SWIFT_EMIT_LOC_STRINGS = YES;
				SWIFT_VERSION = 5.0;
				TARGETED_DEVICE_FAMILY = "1,2";
			};
			name = Debug;
		};
		5CD960102C01E26C0023B8E6 /* Release */ = {
			isa = XCBuildConfiguration;
			buildSettings = {
				ASSETCATALOG_COMPILER_APPICON_NAME = AppIcon;
				ASSETCATALOG_COMPILER_GLOBAL_ACCENT_COLOR_NAME = AccentColor;
				CODE_SIGN_STYLE = Automatic;
				CURRENT_PROJECT_VERSION = 1;
				DEVELOPMENT_ASSET_PATHS = "\"Fetch-Coding-Challenge/Preview Content\"";
				DEVELOPMENT_TEAM = 9NHVUWY5RP;
				ENABLE_PREVIEWS = YES;
				GENERATE_INFOPLIST_FILE = YES;
				INFOPLIST_KEY_UIApplicationSceneManifest_Generation = YES;
				INFOPLIST_KEY_UIApplicationSupportsIndirectInputEvents = YES;
				INFOPLIST_KEY_UILaunchScreen_Generation = YES;
				INFOPLIST_KEY_UISupportedInterfaceOrientations_iPad = "UIInterfaceOrientationPortrait UIInterfaceOrientationPortraitUpsideDown UIInterfaceOrientationLandscapeLeft UIInterfaceOrientationLandscapeRight";
				INFOPLIST_KEY_UISupportedInterfaceOrientations_iPhone = "UIInterfaceOrientationPortrait UIInterfaceOrientationLandscapeLeft UIInterfaceOrientationLandscapeRight";
				LD_RUNPATH_SEARCH_PATHS = (
					"$(inherited)",
					"@executable_path/Frameworks",
				);
				MARKETING_VERSION = 1.0;
				PRODUCT_BUNDLE_IDENTIFIER = "com.bozhong.Fetch-Coding-Challenge";
				PRODUCT_NAME = "$(TARGET_NAME)";
				SWIFT_EMIT_LOC_STRINGS = YES;
				SWIFT_VERSION = 5.0;
				TARGETED_DEVICE_FAMILY = "1,2";
			};
			name = Release;
		};
/* End XCBuildConfiguration section */

/* Begin XCConfigurationList section */
		5CD95FFB2C01E26B0023B8E6 /* Build configuration list for PBXProject "Fetch-Coding-Challenge" */ = {
			isa = XCConfigurationList;
			buildConfigurations = (
				5CD9600C2C01E26C0023B8E6 /* Debug */,
				5CD9600D2C01E26C0023B8E6 /* Release */,
			);
			defaultConfigurationIsVisible = 0;
			defaultConfigurationName = Release;
		};
		5CD9600E2C01E26C0023B8E6 /* Build configuration list for PBXNativeTarget "Fetch-Coding-Challenge" */ = {
			isa = XCConfigurationList;
			buildConfigurations = (
				5CD9600F2C01E26C0023B8E6 /* Debug */,
				5CD960102C01E26C0023B8E6 /* Release */,
			);
			defaultConfigurationIsVisible = 0;
			defaultConfigurationName = Release;
		};
/* End XCConfigurationList section */

/* Begin XCRemoteSwiftPackageReference section */
		5C8124E52C0400860029B51F /* XCRemoteSwiftPackageReference "Kingfisher" */ = {
			isa = XCRemoteSwiftPackageReference;
			repositoryURL = "https://github.com/onevcat/Kingfisher.git";
			requirement = {
				kind = upToNextMajorVersion;
				minimumVersion = 7.11.0;
			};
		};
/* End XCRemoteSwiftPackageReference section */

/* Begin XCSwiftPackageProductDependency section */
		5C8124E62C0400860029B51F /* Kingfisher */ = {
			isa = XCSwiftPackageProductDependency;
			package = 5C8124E52C0400860029B51F /* XCRemoteSwiftPackageReference "Kingfisher" */;
			productName = Kingfisher;
		};
/* End XCSwiftPackageProductDependency section */
	};
	rootObject = 5CD95FF82C01E26B0023B8E6 /* Project object */;
}
